
Microsoft Visual Studio Solution File, Format Version 12.00
# Visual Studio Version 16
VisualStudioVersion = 16.0.30011.22
MinimumVisualStudioVersion = 10.0.40219.1
Project("{FAE04EC0-301F-11D3-BF4B-00C04F79EFBC}") = "drimm", "drimm\drimm.csproj", "{C6E98D8A-7666-4270-9321-0287B2717184}"
EndProject
Global
	GlobalSection(SolutionConfigurationPlatforms) = preSolution
		Debug|Any CPU = Debug|Any CPU
		Release|Any CPU = Release|Any CPU
	EndGlobalSection
	GlobalSection(ProjectConfigurationPlatforms) = postSolution
		{C6E98D8A-7666-4270-9321-0287B2717184}.Debug|Any CPU.ActiveCfg = Debug|Any CPU
		{C6E98D8A-7666-4270-9321-0287B2717184}.Debug|Any CPU.Build.0 = Debug|Any CPU
		{C6E98D8A-7666-4270-9321-0287B2717184}.Release|Any CPU.ActiveCfg = Release|Any CPU
		{C6E98D8A-7666-4270-9321-0287B2717184}.Release|Any CPU.Build.0 = Release|Any CPU
	EndGlobalSection
	GlobalSection(SolutionProperties) = preSolution
		HideSolutionNode = FALSE
	EndGlobalSection
	GlobalSection(ExtensibilityGlobals) = postSolution
		SolutionGuid = {F9ADF8CE-2909-414F-B43F-149EEE1F70C1}
	EndGlobalSection
EndGlobal
